
Microsoft Visual Studio Solution File, Format Version 12.00
# Visual Studio Version 16
VisualStudioVersion = 16.0.30204.135
MinimumVisualStudioVersion = 10.0.40219.1
Project("{F184B08F-C81C-45F6-A57F-5ABD9991F28F}") = "III Parcial", "III Parcial\III Parcial.vbproj", "{A495DCD6-8BAA-474F-8420-5DC1CBF0B570}"
EndProject
Global
	GlobalSection(SolutionConfigurationPlatforms) = preSolution
		Debug|Any CPU = Debug|Any CPU
		Release|Any CPU = Release|Any CPU
	EndGlobalSection
	GlobalSection(ProjectConfigurationPlatforms) = postSolution
		{A495DCD6-8BAA-474F-8420-5DC1CBF0B570}.Debug|Any CPU.ActiveCfg = Debug|Any CPU
		{A495DCD6-8BAA-474F-8420-5DC1CBF0B570}.Debug|Any CPU.Build.0 = Debug|Any CPU
		{A495DCD6-8BAA-474F-8420-5DC1CBF0B570}.Release|Any CPU.ActiveCfg = Release|Any CPU
		{A495DCD6-8BAA-474F-8420-5DC1CBF0B570}.Release|Any CPU.Build.0 = Release|Any CPU
	EndGlobalSection
	GlobalSection(SolutionProperties) = preSolution
		HideSolutionNode = FALSE
	EndGlobalSection
	GlobalSection(ExtensibilityGlobals) = postSolution
		SolutionGuid = {986A9F84-90B0-48ED-885D-3C41B0D8A1DF}
	EndGlobalSection
EndGlobal
